
Microsoft Visual Studio Solution File, Format Version 12.00
# Visual Studio Version 16
VisualStudioVersion = 16.0.33801.447
MinimumVisualStudioVersion = 10.0.40219.1
Project("{FAE04EC0-301F-11D3-BF4B-00C04F79EFBC}") = "Proj_Depository", "Proj_Depository.csproj", "{4E6607FF-9963-48C7-994A-16F0A36EDF7D}"
EndProject
Global
	GlobalSection(SolutionConfigurationPlatforms) = preSolution
		Debug|Any CPU = Debug|Any CPU
		Release|Any CPU = Release|Any CPU
	EndGlobalSection
	GlobalSection(ProjectConfigurationPlatforms) = postSolution
		{4E6607FF-9963-48C7-994A-16F0A36EDF7D}.Debug|Any CPU.ActiveCfg = Debug|Any CPU
		{4E6607FF-9963-48C7-994A-16F0A36EDF7D}.Debug|Any CPU.Build.0 = Debug|Any CPU
		{4E6607FF-9963-48C7-994A-16F0A36EDF7D}.Release|Any CPU.ActiveCfg = Release|Any CPU
		{4E6607FF-9963-48C7-994A-16F0A36EDF7D}.Release|Any CPU.Build.0 = Release|Any CPU
	EndGlobalSection
	GlobalSection(SolutionProperties) = preSolution
		HideSolutionNode = FALSE
	EndGlobalSection
	GlobalSection(ExtensibilityGlobals) = postSolution
		SolutionGuid = {9D973F5E-4017-4174-88D9-7DC084C257DA}
	EndGlobalSection
EndGlobal
